
Microsoft Visual Studio Solution File, Format Version 12.00
# Visual Studio 15
VisualStudioVersion = 15.0.27004.2002
MinimumVisualStudioVersion = 10.0.40219.1
Project("{FAE04EC0-301F-11D3-BF4B-00C04F79EFBC}") = "Excercises", "Excercises\Excercises.csproj", "{4ADF2B23-06AF-4C5C-B6D4-67292BC206F7}"
EndProject
Project("{2150E333-8FDC-42A3-9474-1A3956D46DE8}") = "Solution Items", "Solution Items", "{10255CD1-7245-44D2-82D5-08A08D49E82F}"
	ProjectSection(SolutionItems) = preProject
		README.md = README.md
	EndProjectSection
EndProject
Project("{FAE04EC0-301F-11D3-BF4B-00C04F79EFBC}") = "ExcercisesDAL", "ExcercisesDAL\ExcercisesDAL.csproj", "{2E531874-C0EA-4CAC-BA60-124C2841CB5D}"
EndProject
Global
	GlobalSection(SolutionConfigurationPlatforms) = preSolution
		Debug|Any CPU = Debug|Any CPU
		Release|Any CPU = Release|Any CPU
	EndGlobalSection
	GlobalSection(ProjectConfigurationPlatforms) = postSolution
		{4ADF2B23-06AF-4C5C-B6D4-67292BC206F7}.Debug|Any CPU.ActiveCfg = Debug|Any CPU
		{4ADF2B23-06AF-4C5C-B6D4-67292BC206F7}.Debug|Any CPU.Build.0 = Debug|Any CPU
		{4ADF2B23-06AF-4C5C-B6D4-67292BC206F7}.Release|Any CPU.ActiveCfg = Release|Any CPU
		{4ADF2B23-06AF-4C5C-B6D4-67292BC206F7}.Release|Any CPU.Build.0 = Release|Any CPU
		{2E531874-C0EA-4CAC-BA60-124C2841CB5D}.Debug|Any CPU.ActiveCfg = Debug|Any CPU
		{2E531874-C0EA-4CAC-BA60-124C2841CB5D}.Debug|Any CPU.Build.0 = Debug|Any CPU
		{2E531874-C0EA-4CAC-BA60-124C2841CB5D}.Release|Any CPU.ActiveCfg = Release|Any CPU
		{2E531874-C0EA-4CAC-BA60-124C2841CB5D}.Release|Any CPU.Build.0 = Release|Any CPU
	EndGlobalSection
	GlobalSection(SolutionProperties) = preSolution
		HideSolutionNode = FALSE
	EndGlobalSection
	GlobalSection(ExtensibilityGlobals) = postSolution
		SolutionGuid = {F63CE8F2-067A-467A-8C96-BDBB9563DC54}
	EndGlobalSection
EndGlobal
